// !$*UTF8*$!
{
	archiveVersion = 1;
	classes = {
	};
	objectVersion = 51;
	objects = {

/* Begin PBXBuildFile section */
		07169EED241BA01100C028C2 /* API.swift in Sources */ = {isa = PBXBuildFile; fileRef = 07169EEC241BA01100C028C2 /* API.swift */; };
		07169EEF241BBE6E00C028C2 /* teamProperties.swift in Sources */ = {isa = PBXBuildFile; fileRef = 07169EEE241BBE6E00C028C2 /* teamProperties.swift */; };
		07169EF3241BE38100C028C2 /* unnamed.jpg in Resources */ = {isa = PBXBuildFile; fileRef = 07169EF2241BE38100C028C2 /* unnamed.jpg */; };
		072ECCF323FC9F8F00CF59B8 /* AppDelegate.swift in Sources */ = {isa = PBXBuildFile; fileRef = 072ECCF223FC9F8F00CF59B8 /* AppDelegate.swift */; };
		072ECCF523FC9F8F00CF59B8 /* SceneDelegate.swift in Sources */ = {isa = PBXBuildFile; fileRef = 072ECCF423FC9F8F00CF59B8 /* SceneDelegate.swift */; };
		072ECCF723FC9F8F00CF59B8 /* ViewController.swift in Sources */ = {isa = PBXBuildFile; fileRef = 072ECCF623FC9F8F00CF59B8 /* ViewController.swift */; };
		072ECCFA23FC9F8F00CF59B8 /* Main.storyboard in Resources */ = {isa = PBXBuildFile; fileRef = 072ECCF823FC9F8F00CF59B8 /* Main.storyboard */; };
		072ECCFC23FC9F9600CF59B8 /* Assets.xcassets in Resources */ = {isa = PBXBuildFile; fileRef = 072ECCFB23FC9F9600CF59B8 /* Assets.xcassets */; };
		072ECCFF23FC9F9600CF59B8 /* LaunchScreen.storyboard in Resources */ = {isa = PBXBuildFile; fileRef = 072ECCFD23FC9F9600CF59B8 /* LaunchScreen.storyboard */; };
		072ECD0A23FC9F9600CF59B8 /* jelzinTests.swift in Sources */ = {isa = PBXBuildFile; fileRef = 072ECD0923FC9F9600CF59B8 /* jelzinTests.swift */; };
		072ECD1523FC9F9600CF59B8 /* jelzinUITests.swift in Sources */ = {isa = PBXBuildFile; fileRef = 072ECD1423FC9F9600CF59B8 /* jelzinUITests.swift */; };
		072ECD2323FCA28500CF59B8 /* FirstViewController.swift in Sources */ = {isa = PBXBuildFile; fileRef = 072ECD2223FCA28500CF59B8 /* FirstViewController.swift */; };
		077B05A92417DCBB000BB4AB /* GoogleService-Info.plist in Resources */ = {isa = PBXBuildFile; fileRef = 077B05A82417DCBB000BB4AB /* GoogleService-Info.plist */; };
		07923ADE23FED4800083B0B5 /* TableViewCell.swift in Sources */ = {isa = PBXBuildFile; fileRef = 07923ADD23FED4800083B0B5 /* TableViewCell.swift */; };
		B2C8BB6B652D2F2900533D05 /* Pods_jelzin.framework in Frameworks */ = {isa = PBXBuildFile; fileRef = F119F7A74647FEA63879B799 /* Pods_jelzin.framework */; };
		C8124EF22D486FC260B32AD1 /* Pods_jelzinTests.framework in Frameworks */ = {isa = PBXBuildFile; fileRef = D4D3E5CF0220CB3A9C97880E /* Pods_jelzinTests.framework */; };
		E361B5A2B09E5ADBDA5E91E9 /* Pods_jelzin_jelzinUITests.framework in Frameworks */ = {isa = PBXBuildFile; fileRef = 9BB49D4CAE022866D4D6E3D1 /* Pods_jelzin_jelzinUITests.framework */; };
/* End PBXBuildFile section */

/* Begin PBXContainerItemProxy section */
		072ECD0623FC9F9600CF59B8 /* PBXContainerItemProxy */ = {
			isa = PBXContainerItemProxy;
			containerPortal = 072ECCE723FC9F8F00CF59B8 /* Project object */;
			proxyType = 1;
			remoteGlobalIDString = 072ECCEE23FC9F8F00CF59B8;
			remoteInfo = jelzin;
		};
		072ECD1123FC9F9600CF59B8 /* PBXContainerItemProxy */ = {
			isa = PBXContainerItemProxy;
			containerPortal = 072ECCE723FC9F8F00CF59B8 /* Project object */;
			proxyType = 1;
			remoteGlobalIDString = 072ECCEE23FC9F8F00CF59B8;
			remoteInfo = jelzin;
		};
/* End PBXContainerItemProxy section */

/* Begin PBXFileReference section */
		07169EEC241BA01100C028C2 /* API.swift */ = {isa = PBXFileReference; lastKnownFileType = sourcecode.swift; path = API.swift; sourceTree = "<group>"; };
		07169EEE241BBE6E00C028C2 /* teamProperties.swift */ = {isa = PBXFileReference; lastKnownFileType = sourcecode.swift; path = teamProperties.swift; sourceTree = "<group>"; };
		07169EF2241BE38100C028C2 /* unnamed.jpg */ = {isa = PBXFileReference; lastKnownFileType = image.jpeg; path = unnamed.jpg; sourceTree = "<group>"; };
		072ECCEF23FC9F8F00CF59B8 /* jelzin.app */ = {isa = PBXFileReference; explicitFileType = wrapper.application; includeInIndex = 0; path = jelzin.app; sourceTree = BUILT_PRODUCTS_DIR; };
		072ECCF223FC9F8F00CF59B8 /* AppDelegate.swift */ = {isa = PBXFileReference; lastKnownFileType = sourcecode.swift; path = AppDelegate.swift; sourceTree = "<group>"; };
		072ECCF423FC9F8F00CF59B8 /* SceneDelegate.swift */ = {isa = PBXFileReference; lastKnownFileType = sourcecode.swift; path = SceneDelegate.swift; sourceTree = "<group>"; };
		072ECCF623FC9F8F00CF59B8 /* ViewController.swift */ = {isa = PBXFileReference; lastKnownFileType = sourcecode.swift; path = ViewController.swift; sourceTree = "<group>"; };
		072ECCF923FC9F8F00CF59B8 /* Base */ = {isa = PBXFileReference; lastKnownFileType = file.storyboard; name = Base; path = Base.lproj/Main.storyboard; sourceTree = "<group>"; };
		072ECCFB23FC9F9600CF59B8 /* Assets.xcassets */ = {isa = PBXFileReference; lastKnownFileType = folder.assetcatalog; path = Assets.xcassets; sourceTree = "<group>"; };
		072ECCFE23FC9F9600CF59B8 /* Base */ = {isa = PBXFileReference; lastKnownFileType = file.storyboard; name = Base; path = Base.lproj/LaunchScreen.storyboard; sourceTree = "<group>"; };
		072ECD0023FC9F9600CF59B8 /* Info.plist */ = {isa = PBXFileReference; lastKnownFileType = text.plist.xml; path = Info.plist; sourceTree = "<group>"; };
		072ECD0523FC9F9600CF59B8 /* jelzinTests.xctest */ = {isa = PBXFileReference; explicitFileType = wrapper.cfbundle; includeInIndex = 0; path = jelzinTests.xctest; sourceTree = BUILT_PRODUCTS_DIR; };
		072ECD0923FC9F9600CF59B8 /* jelzinTests.swift */ = {isa = PBXFileReference; lastKnownFileType = sourcecode.swift; path = jelzinTests.swift; sourceTree = "<group>"; };
		072ECD0B23FC9F9600CF59B8 /* Info.plist */ = {isa = PBXFileReference; lastKnownFileType = text.plist.xml; path = Info.plist; sourceTree = "<group>"; };
		072ECD1023FC9F9600CF59B8 /* jelzinUITests.xctest */ = {isa = PBXFileReference; explicitFileType = wrapper.cfbundle; includeInIndex = 0; path = jelzinUITests.xctest; sourceTree = BUILT_PRODUCTS_DIR; };
		072ECD1423FC9F9600CF59B8 /* jelzinUITests.swift */ = {isa = PBXFileReference; lastKnownFileType = sourcecode.swift; path = jelzinUITests.swift; sourceTree = "<group>"; };
		072ECD1623FC9F9600CF59B8 /* Info.plist */ = {isa = PBXFileReference; lastKnownFileType = text.plist.xml; path = Info.plist; sourceTree = "<group>"; };
		072ECD2223FCA28500CF59B8 /* FirstViewController.swift */ = {isa = PBXFileReference; lastKnownFileType = sourcecode.swift; path = FirstViewController.swift; sourceTree = "<group>"; };
		077B05A82417DCBB000BB4AB /* GoogleService-Info.plist */ = {isa = PBXFileReference; fileEncoding = 4; lastKnownFileType = text.plist.xml; path = "GoogleService-Info.plist"; sourceTree = "<group>"; };
		07923ADD23FED4800083B0B5 /* TableViewCell.swift */ = {isa = PBXFileReference; lastKnownFileType = sourcecode.swift; path = TableViewCell.swift; sourceTree = "<group>"; };
		27FD16F87809767839CB458C /* Pods-jelzin.release.xcconfig */ = {isa = PBXFileReference; includeInIndex = 1; lastKnownFileType = text.xcconfig; name = "Pods-jelzin.release.xcconfig"; path = "Target Support Files/Pods-jelzin/Pods-jelzin.release.xcconfig"; sourceTree = "<group>"; };
		7862C0AE4678871433B5FF50 /* Pods-jelzinTests.debug.xcconfig */ = {isa = PBXFileReference; includeInIndex = 1; lastKnownFileType = text.xcconfig; name = "Pods-jelzinTests.debug.xcconfig"; path = "Target Support Files/Pods-jelzinTests/Pods-jelzinTests.debug.xcconfig"; sourceTree = "<group>"; };
		863931A7D95144C5494D7288 /* Pods-jelzin-jelzinUITests.release.xcconfig */ = {isa = PBXFileReference; includeInIndex = 1; lastKnownFileType = text.xcconfig; name = "Pods-jelzin-jelzinUITests.release.xcconfig"; path = "Target Support Files/Pods-jelzin-jelzinUITests/Pods-jelzin-jelzinUITests.release.xcconfig"; sourceTree = "<group>"; };
		9BB49D4CAE022866D4D6E3D1 /* Pods_jelzin_jelzinUITests.framework */ = {isa = PBXFileReference; explicitFileType = wrapper.framework; includeInIndex = 0; path = Pods_jelzin_jelzinUITests.framework; sourceTree = BUILT_PRODUCTS_DIR; };
		BCAA1B2C9E68C7A773D43060 /* Pods-jelzin-jelzinUITests.debug.xcconfig */ = {isa = PBXFileReference; includeInIndex = 1; lastKnownFileType = text.xcconfig; name = "Pods-jelzin-jelzinUITests.debug.xcconfig"; path = "Target Support Files/Pods-jelzin-jelzinUITests/Pods-jelzin-jelzinUITests.debug.xcconfig"; sourceTree = "<group>"; };
		D4D3E5CF0220CB3A9C97880E /* Pods_jelzinTests.framework */ = {isa = PBXFileReference; explicitFileType = wrapper.framework; includeInIndex = 0; path = Pods_jelzinTests.framework; sourceTree = BUILT_PRODUCTS_DIR; };
		E15C3DBFF6D3594F5FA0F47F /* Pods-jelzin.debug.xcconfig */ = {isa = PBXFileReference; includeInIndex = 1; lastKnownFileType = text.xcconfig; name = "Pods-jelzin.debug.xcconfig"; path = "Target Support Files/Pods-jelzin/Pods-jelzin.debug.xcconfig"; sourceTree = "<group>"; };
		F119F7A74647FEA63879B799 /* Pods_jelzin.framework */ = {isa = PBXFileReference; explicitFileType = wrapper.framework; includeInIndex = 0; path = Pods_jelzin.framework; sourceTree = BUILT_PRODUCTS_DIR; };
		FFF9A0B122E8E7FAEFEA89F4 /* Pods-jelzinTests.release.xcconfig */ = {isa = PBXFileReference; includeInIndex = 1; lastKnownFileType = text.xcconfig; name = "Pods-jelzinTests.release.xcconfig"; path = "Target Support Files/Pods-jelzinTests/Pods-jelzinTests.release.xcconfig"; sourceTree = "<group>"; };
/* End PBXFileReference section */

/* Begin PBXFrameworksBuildPhase section */
		072ECCEC23FC9F8F00CF59B8 /* Frameworks */ = {
			isa = PBXFrameworksBuildPhase;
			buildActionMask = 2147483647;
			files = (
				B2C8BB6B652D2F2900533D05 /* Pods_jelzin.framework in Frameworks */,
			);
			runOnlyForDeploymentPostprocessing = 0;
		};
		072ECD0223FC9F9600CF59B8 /* Frameworks */ = {
			isa = PBXFrameworksBuildPhase;
			buildActionMask = 2147483647;
			files = (
				C8124EF22D486FC260B32AD1 /* Pods_jelzinTests.framework in Frameworks */,
			);
			runOnlyForDeploymentPostprocessing = 0;
		};
		072ECD0D23FC9F9600CF59B8 /* Frameworks */ = {
			isa = PBXFrameworksBuildPhase;
			buildActionMask = 2147483647;
			files = (
				E361B5A2B09E5ADBDA5E91E9 /* Pods_jelzin_jelzinUITests.framework in Frameworks */,
			);
			runOnlyForDeploymentPostprocessing = 0;
		};
/* End PBXFrameworksBuildPhase section */

/* Begin PBXGroup section */
		0227E9C037B5F87EE64191F7 /* Pods */ = {
			isa = PBXGroup;
			children = (
				E15C3DBFF6D3594F5FA0F47F /* Pods-jelzin.debug.xcconfig */,
				27FD16F87809767839CB458C /* Pods-jelzin.release.xcconfig */,
				BCAA1B2C9E68C7A773D43060 /* Pods-jelzin-jelzinUITests.debug.xcconfig */,
				863931A7D95144C5494D7288 /* Pods-jelzin-jelzinUITests.release.xcconfig */,
				7862C0AE4678871433B5FF50 /* Pods-jelzinTests.debug.xcconfig */,
				FFF9A0B122E8E7FAEFEA89F4 /* Pods-jelzinTests.release.xcconfig */,
			);
			path = Pods;
			sourceTree = "<group>";
		};
		072ECCE623FC9F8F00CF59B8 = {
			isa = PBXGroup;
			children = (
				072ECCF123FC9F8F00CF59B8 /* jelzin */,
				072ECD0823FC9F9600CF59B8 /* jelzinTests */,
				072ECD1323FC9F9600CF59B8 /* jelzinUITests */,
				072ECCF023FC9F8F00CF59B8 /* Products */,
				0227E9C037B5F87EE64191F7 /* Pods */,
				27A18127C6EBDC402B162062 /* Frameworks */,
			);
			sourceTree = "<group>";
		};
		072ECCF023FC9F8F00CF59B8 /* Products */ = {
			isa = PBXGroup;
			children = (
				072ECCEF23FC9F8F00CF59B8 /* jelzin.app */,
				072ECD0523FC9F9600CF59B8 /* jelzinTests.xctest */,
				072ECD1023FC9F9600CF59B8 /* jelzinUITests.xctest */,
			);
			name = Products;
			sourceTree = "<group>";
		};
		072ECCF123FC9F8F00CF59B8 /* jelzin */ = {
			isa = PBXGroup;
			children = (
				072ECCF223FC9F8F00CF59B8 /* AppDelegate.swift */,
				072ECCF423FC9F8F00CF59B8 /* SceneDelegate.swift */,
				072ECCF623FC9F8F00CF59B8 /* ViewController.swift */,
				07169EEC241BA01100C028C2 /* API.swift */,
				072ECD2223FCA28500CF59B8 /* FirstViewController.swift */,
				07169EEE241BBE6E00C028C2 /* teamProperties.swift */,
				07923ADD23FED4800083B0B5 /* TableViewCell.swift */,
				072ECCF823FC9F8F00CF59B8 /* Main.storyboard */,
				072ECCFB23FC9F9600CF59B8 /* Assets.xcassets */,
				072ECCFD23FC9F9600CF59B8 /* LaunchScreen.storyboard */,
				077B05A82417DCBB000BB4AB /* GoogleService-Info.plist */,
				072ECD0023FC9F9600CF59B8 /* Info.plist */,
				07169EF2241BE38100C028C2 /* unnamed.jpg */,
			);
			path = jelzin;
			sourceTree = "<group>";
		};
		072ECD0823FC9F9600CF59B8 /* jelzinTests */ = {
			isa = PBXGroup;
			children = (
				072ECD0923FC9F9600CF59B8 /* jelzinTests.swift */,
				072ECD0B23FC9F9600CF59B8 /* Info.plist */,
			);
			path = jelzinTests;
			sourceTree = "<group>";
		};
		072ECD1323FC9F9600CF59B8 /* jelzinUITests */ = {
			isa = PBXGroup;
			children = (
				072ECD1423FC9F9600CF59B8 /* jelzinUITests.swift */,
				072ECD1623FC9F9600CF59B8 /* Info.plist */,
			);
			path = jelzinUITests;
			sourceTree = "<group>";
		};
		27A18127C6EBDC402B162062 /* Frameworks */ = {
			isa = PBXGroup;
			children = (
				F119F7A74647FEA63879B799 /* Pods_jelzin.framework */,
				9BB49D4CAE022866D4D6E3D1 /* Pods_jelzin_jelzinUITests.framework */,
				D4D3E5CF0220CB3A9C97880E /* Pods_jelzinTests.framework */,
			);
			name = Frameworks;
			sourceTree = "<group>";
		};
/* End PBXGroup section */

/* Begin PBXNativeTarget section */
		072ECCEE23FC9F8F00CF59B8 /* jelzin */ = {
			isa = PBXNativeTarget;
			buildConfigurationList = 072ECD1923FC9F9600CF59B8 /* Build configuration list for PBXNativeTarget "jelzin" */;
			buildPhases = (
				BD160941E5712CFCD11BFA82 /* [CP] Check Pods Manifest.lock */,
				072ECCEB23FC9F8F00CF59B8 /* Sources */,
				072ECCEC23FC9F8F00CF59B8 /* Frameworks */,
				072ECCED23FC9F8F00CF59B8 /* Resources */,
				D435005F36878B7B9A995980 /* [CP] Embed Pods Frameworks */,
			);
			buildRules = (
			);
			dependencies = (
			);
			name = jelzin;
			productName = jelzin;
			productReference = 072ECCEF23FC9F8F00CF59B8 /* jelzin.app */;
			productType = "com.apple.product-type.application";
		};
		072ECD0423FC9F9600CF59B8 /* jelzinTests */ = {
			isa = PBXNativeTarget;
			buildConfigurationList = 072ECD1C23FC9F9600CF59B8 /* Build configuration list for PBXNativeTarget "jelzinTests" */;
			buildPhases = (
				73CC1AA0CF16611D5B4981B4 /* [CP] Check Pods Manifest.lock */,
				072ECD0123FC9F9600CF59B8 /* Sources */,
				072ECD0223FC9F9600CF59B8 /* Frameworks */,
				072ECD0323FC9F9600CF59B8 /* Resources */,
			);
			buildRules = (
			);
			dependencies = (
				072ECD0723FC9F9600CF59B8 /* PBXTargetDependency */,
			);
			name = jelzinTests;
			productName = jelzinTests;
			productReference = 072ECD0523FC9F9600CF59B8 /* jelzinTests.xctest */;
			productType = "com.apple.product-type.bundle.unit-test";
		};
		072ECD0F23FC9F9600CF59B8 /* jelzinUITests */ = {
			isa = PBXNativeTarget;
			buildConfigurationList = 072ECD1F23FC9F9600CF59B8 /* Build configuration list for PBXNativeTarget "jelzinUITests" */;
			buildPhases = (
				4F26562B24FE81B72AD1785D /* [CP] Check Pods Manifest.lock */,
				072ECD0C23FC9F9600CF59B8 /* Sources */,
				072ECD0D23FC9F9600CF59B8 /* Frameworks */,
				072ECD0E23FC9F9600CF59B8 /* Resources */,
				053EB7014D0CD94C1BF68B05 /* [CP] Embed Pods Frameworks */,
			);
			buildRules = (
			);
			dependencies = (
				072ECD1223FC9F9600CF59B8 /* PBXTargetDependency */,
			);
			name = jelzinUITests;
			productName = jelzinUITests;
			productReference = 072ECD1023FC9F9600CF59B8 /* jelzinUITests.xctest */;
			productType = "com.apple.product-type.bundle.ui-testing";
		};
/* End PBXNativeTarget section */

/* Begin PBXProject section */
		072ECCE723FC9F8F00CF59B8 /* Project object */ = {
			isa = PBXProject;
			attributes = {
				LastSwiftUpdateCheck = 1130;
				LastUpgradeCheck = 1130;
				ORGANIZATIONNAME = "Eric Johansson";
				TargetAttributes = {
					072ECCEE23FC9F8F00CF59B8 = {
						CreatedOnToolsVersion = 11.3.1;
					};
					072ECD0423FC9F9600CF59B8 = {
						CreatedOnToolsVersion = 11.3.1;
						TestTargetID = 072ECCEE23FC9F8F00CF59B8;
					};
					072ECD0F23FC9F9600CF59B8 = {
						CreatedOnToolsVersion = 11.3.1;
						TestTargetID = 072ECCEE23FC9F8F00CF59B8;
					};
				};
			};
			buildConfigurationList = 072ECCEA23FC9F8F00CF59B8 /* Build configuration list for PBXProject "jelzin" */;
			compatibilityVersion = "Xcode 9.3";
			developmentRegion = en;
			hasScannedForEncodings = 0;
			knownRegions = (
				en,
				Base,
			);
			mainGroup = 072ECCE623FC9F8F00CF59B8;
			productRefGroup = 072ECCF023FC9F8F00CF59B8 /* Products */;
			projectDirPath = "";
			projectRoot = "";
			targets = (
				072ECCEE23FC9F8F00CF59B8 /* jelzin */,
				072ECD0423FC9F9600CF59B8 /* jelzinTests */,
				072ECD0F23FC9F9600CF59B8 /* jelzinUITests */,
			);
		};
/* End PBXProject section */

/* Begin PBXResourcesBuildPhase section */
		072ECCED23FC9F8F00CF59B8 /* Resources */ = {
			isa = PBXResourcesBuildPhase;
			buildActionMask = 2147483647;
			files = (
				072ECCFF23FC9F9600CF59B8 /* LaunchScreen.storyboard in Resources */,
				077B05A92417DCBB000BB4AB /* GoogleService-Info.plist in Resources */,
				072ECCFC23FC9F9600CF59B8 /* Assets.xcassets in Resources */,
				07169EF3241BE38100C028C2 /* unnamed.jpg in Resources */,
				072ECCFA23FC9F8F00CF59B8 /* Main.storyboard in Resources */,
			);
			runOnlyForDeploymentPostprocessing = 0;
		};
		072ECD0323FC9F9600CF59B8 /* Resources */ = {
			isa = PBXResourcesBuildPhase;
			buildActionMask = 2147483647;
			files = (
			);
			runOnlyForDeploymentPostprocessing = 0;
		};
		072ECD0E23FC9F9600CF59B8 /* Resources */ = {
			isa = PBXResourcesBuildPhase;
			buildActionMask = 2147483647;
			files = (
			);
			runOnlyForDeploymentPostprocessing = 0;
		};
/* End PBXResourcesBuildPhase section */

/* Begin PBXShellScriptBuildPhase section */
		053EB7014D0CD94C1BF68B05 /* [CP] Embed Pods Frameworks */ = {
			isa = PBXShellScriptBuildPhase;
			buildActionMask = 2147483647;
			files = (
			);
			inputFileListPaths = (
				"${PODS_ROOT}/Target Support Files/Pods-jelzin-jelzinUITests/Pods-jelzin-jelzinUITests-frameworks-${CONFIGURATION}-input-files.xcfilelist",
			);
			name = "[CP] Embed Pods Frameworks";
			outputFileListPaths = (
				"${PODS_ROOT}/Target Support Files/Pods-jelzin-jelzinUITests/Pods-jelzin-jelzinUITests-frameworks-${CONFIGURATION}-output-files.xcfilelist",
			);
			runOnlyForDeploymentPostprocessing = 0;
			shellPath = /bin/sh;
			shellScript = "\"${PODS_ROOT}/Target Support Files/Pods-jelzin-jelzinUITests/Pods-jelzin-jelzinUITests-frameworks.sh\"\n";
			showEnvVarsInLog = 0;
		};
		4F26562B24FE81B72AD1785D /* [CP] Check Pods Manifest.lock */ = {
			isa = PBXShellScriptBuildPhase;
			buildActionMask = 2147483647;
			files = (
			);
			inputFileListPaths = (
			);
			inputPaths = (
				"${PODS_PODFILE_DIR_PATH}/Podfile.lock",
				"${PODS_ROOT}/Manifest.lock",
			);
			name = "[CP] Check Pods Manifest.lock";
			outputFileListPaths = (
			);
			outputPaths = (
				"$(DERIVED_FILE_DIR)/Pods-jelzin-jelzinUITests-checkManifestLockResult.txt",
			);
			runOnlyForDeploymentPostprocessing = 0;
			shellPath = /bin/sh;
			shellScript = "diff \"${PODS_PODFILE_DIR_PATH}/Podfile.lock\" \"${PODS_ROOT}/Manifest.lock\" > /dev/null\nif [ $? != 0 ] ; then\n    # print error to STDERR\n    echo \"error: The sandbox is not in sync with the Podfile.lock. Run 'pod install' or update your CocoaPods installation.\" >&2\n    exit 1\nfi\n# This output is used by Xcode 'outputs' to avoid re-running this script phase.\necho \"SUCCESS\" > \"${SCRIPT_OUTPUT_FILE_0}\"\n";
			showEnvVarsInLog = 0;
		};
		73CC1AA0CF16611D5B4981B4 /* [CP] Check Pods Manifest.lock */ = {
			isa = PBXShellScriptBuildPhase;
			buildActionMask = 2147483647;
			files = (
			);
			inputFileListPaths = (
			);
			inputPaths = (
				"${PODS_PODFILE_DIR_PATH}/Podfile.lock",
				"${PODS_ROOT}/Manifest.lock",
			);
			name = "[CP] Check Pods Manifest.lock";
			outputFileListPaths = (
			);
			outputPaths = (
				"$(DERIVED_FILE_DIR)/Pods-jelzinTests-checkManifestLockResult.txt",
			);
			runOnlyForDeploymentPostprocessing = 0;
			shellPath = /bin/sh;
			shellScript = "diff \"${PODS_PODFILE_DIR_PATH}/Podfile.lock\" \"${PODS_ROOT}/Manifest.lock\" > /dev/null\nif [ $? != 0 ] ; then\n    # print error to STDERR\n    echo \"error: The sandbox is not in sync with the Podfile.lock. Run 'pod install' or update your CocoaPods installation.\" >&2\n    exit 1\nfi\n# This output is used by Xcode 'outputs' to avoid re-running this script phase.\necho \"SUCCESS\" > \"${SCRIPT_OUTPUT_FILE_0}\"\n";
			showEnvVarsInLog = 0;
		};
		BD160941E5712CFCD11BFA82 /* [CP] Check Pods Manifest.lock */ = {
			isa = PBXShellScriptBuildPhase;
			buildActionMask = 2147483647;
			files = (
			);
			inputFileListPaths = (
			);
			inputPaths = (
				"${PODS_PODFILE_DIR_PATH}/Podfile.lock",
				"${PODS_ROOT}/Manifest.lock",
			);
			name = "[CP] Check Pods Manifest.lock";
			outputFileListPaths = (
			);
			outputPaths = (
				"$(DERIVED_FILE_DIR)/Pods-jelzin-checkManifestLockResult.txt",
			);
			runOnlyForDeploymentPostprocessing = 0;
			shellPath = /bin/sh;
			shellScript = "diff \"${PODS_PODFILE_DIR_PATH}/Podfile.lock\" \"${PODS_ROOT}/Manifest.lock\" > /dev/null\nif [ $? != 0 ] ; then\n    # print error to STDERR\n    echo \"error: The sandbox is not in sync with the Podfile.lock. Run 'pod install' or update your CocoaPods installation.\" >&2\n    exit 1\nfi\n# This output is used by Xcode 'outputs' to avoid re-running this script phase.\necho \"SUCCESS\" > \"${SCRIPT_OUTPUT_FILE_0}\"\n";
			showEnvVarsInLog = 0;
		};
		D435005F36878B7B9A995980 /* [CP] Embed Pods Frameworks */ = {
			isa = PBXShellScriptBuildPhase;
			buildActionMask = 2147483647;
			files = (
			);
			inputFileListPaths = (
				"${PODS_ROOT}/Target Support Files/Pods-jelzin/Pods-jelzin-frameworks-${CONFIGURATION}-input-files.xcfilelist",
			);
			name = "[CP] Embed Pods Frameworks";
			outputFileListPaths = (
				"${PODS_ROOT}/Target Support Files/Pods-jelzin/Pods-jelzin-frameworks-${CONFIGURATION}-output-files.xcfilelist",
			);
			runOnlyForDeploymentPostprocessing = 0;
			shellPath = /bin/sh;
			shellScript = "\"${PODS_ROOT}/Target Support Files/Pods-jelzin/Pods-jelzin-frameworks.sh\"\n";
			showEnvVarsInLog = 0;
		};
/* End PBXShellScriptBuildPhase section */

/* Begin PBXSourcesBuildPhase section */
		072ECCEB23FC9F8F00CF59B8 /* Sources */ = {
			isa = PBXSourcesBuildPhase;
			buildActionMask = 2147483647;
			files = (
				07923ADE23FED4800083B0B5 /* TableViewCell.swift in Sources */,
				072ECCF723FC9F8F00CF59B8 /* ViewController.swift in Sources */,
				072ECCF323FC9F8F00CF59B8 /* AppDelegate.swift in Sources */,
				07169EEF241BBE6E00C028C2 /* teamProperties.swift in Sources */,
				072ECCF523FC9F8F00CF59B8 /* SceneDelegate.swift in Sources */,
				07169EED241BA01100C028C2 /* API.swift in Sources */,
				072ECD2323FCA28500CF59B8 /* FirstViewController.swift in Sources */,
			);
			runOnlyForDeploymentPostprocessing = 0;
		};
		072ECD0123FC9F9600CF59B8 /* Sources */ = {
			isa = PBXSourcesBuildPhase;
			buildActionMask = 2147483647;
			files = (
				072ECD0A23FC9F9600CF59B8 /* jelzinTests.swift in Sources */,
			);
			runOnlyForDeploymentPostprocessing = 0;
		};
		072ECD0C23FC9F9600CF59B8 /* Sources */ = {
			isa = PBXSourcesBuildPhase;
			buildActionMask = 2147483647;
			files = (
				072ECD1523FC9F9600CF59B8 /* jelzinUITests.swift in Sources */,
			);
			runOnlyForDeploymentPostprocessing = 0;
		};
/* End PBXSourcesBuildPhase section */

/* Begin PBXTargetDependency section */
		072ECD0723FC9F9600CF59B8 /* PBXTargetDependency */ = {
			isa = PBXTargetDependency;
			target = 072ECCEE23FC9F8F00CF59B8 /* jelzin */;
			targetProxy = 072ECD0623FC9F9600CF59B8 /* PBXContainerItemProxy */;
		};
		072ECD1223FC9F9600CF59B8 /* PBXTargetDependency */ = {
			isa = PBXTargetDependency;
			target = 072ECCEE23FC9F8F00CF59B8 /* jelzin */;
			targetProxy = 072ECD1123FC9F9600CF59B8 /* PBXContainerItemProxy */;
		};
/* End PBXTargetDependency section */

/* Begin PBXVariantGroup section */
		072ECCF823FC9F8F00CF59B8 /* Main.storyboard */ = {
			isa = PBXVariantGroup;
			children = (
				072ECCF923FC9F8F00CF59B8 /* Base */,
			);
			name = Main.storyboard;
			sourceTree = "<group>";
		};
		072ECCFD23FC9F9600CF59B8 /* LaunchScreen.storyboard */ = {
			isa = PBXVariantGroup;
			children = (
				072ECCFE23FC9F9600CF59B8 /* Base */,
			);
			name = LaunchScreen.storyboard;
			sourceTree = "<group>";
		};
/* End PBXVariantGroup section */

/* Begin XCBuildConfiguration section */
		072ECD1723FC9F9600CF59B8 /* Debug */ = {
			isa = XCBuildConfiguration;
			buildSettings = {
				ALWAYS_SEARCH_USER_PATHS = NO;
				CLANG_ANALYZER_NONNULL = YES;
				CLANG_ANALYZER_NUMBER_OBJECT_CONVERSION = YES_AGGRESSIVE;
				CLANG_CXX_LANGUAGE_STANDARD = "gnu++14";
				CLANG_CXX_LIBRARY = "libc++";
				CLANG_ENABLE_MODULES = YES;
				CLANG_ENABLE_OBJC_ARC = YES;
				CLANG_ENABLE_OBJC_WEAK = YES;
				CLANG_WARN_BLOCK_CAPTURE_AUTORELEASING = YES;
				CLANG_WARN_BOOL_CONVERSION = YES;
				CLANG_WARN_COMMA = YES;
				CLANG_WARN_CONSTANT_CONVERSION = YES;
				CLANG_WARN_DEPRECATED_OBJC_IMPLEMENTATIONS = YES;
				CLANG_WARN_DIRECT_OBJC_ISA_USAGE = YES_ERROR;
				CLANG_WARN_DOCUMENTATION_COMMENTS = YES;
				CLANG_WARN_EMPTY_BODY = YES;
				CLANG_WARN_ENUM_CONVERSION = YES;
				CLANG_WARN_INFINITE_RECURSION = YES;
				CLANG_WARN_INT_CONVERSION = YES;
				CLANG_WARN_NON_LITERAL_NULL_CONVERSION = YES;
				CLANG_WARN_OBJC_IMPLICIT_RETAIN_SELF = YES;
				CLANG_WARN_OBJC_LITERAL_CONVERSION = YES;
				CLANG_WARN_OBJC_ROOT_CLASS = YES_ERROR;
				CLANG_WARN_RANGE_LOOP_ANALYSIS = YES;
				CLANG_WARN_STRICT_PROTOTYPES = YES;
				CLANG_WARN_SUSPICIOUS_MOVE = YES;
				CLANG_WARN_UNGUARDED_AVAILABILITY = YES_AGGRESSIVE;
				CLANG_WARN_UNREACHABLE_CODE = YES;
				CLANG_WARN__DUPLICATE_METHOD_MATCH = YES;
				COPY_PHASE_STRIP = NO;
				DEBUG_INFORMATION_FORMAT = dwarf;
				ENABLE_STRICT_OBJC_MSGSEND = YES;
				ENABLE_TESTABILITY = YES;
				GCC_C_LANGUAGE_STANDARD = gnu11;
				GCC_DYNAMIC_NO_PIC = NO;
				GCC_NO_COMMON_BLOCKS = YES;
				GCC_OPTIMIZATION_LEVEL = 0;
				GCC_PREPROCESSOR_DEFINITIONS = (
					"DEBUG=1",
					"$(inherited)",
				);
				GCC_WARN_64_TO_32_BIT_CONVERSION = YES;
				GCC_WARN_ABOUT_RETURN_TYPE = YES_ERROR;
				GCC_WARN_UNDECLARED_SELECTOR = YES;
				GCC_WARN_UNINITIALIZED_AUTOS = YES_AGGRESSIVE;
				GCC_WARN_UNUSED_FUNCTION = YES;
				GCC_WARN_UNUSED_VARIABLE = YES;
				IPHONEOS_DEPLOYMENT_TARGET = 13.2;
				MTL_ENABLE_DEBUG_INFO = INCLUDE_SOURCE;
				MTL_FAST_MATH = YES;
				ONLY_ACTIVE_ARCH = YES;
				SDKROOT = iphoneos;
				SWIFT_ACTIVE_COMPILATION_CONDITIONS = DEBUG;
				SWIFT_OPTIMIZATION_LEVEL = "-Onone";
			};
			name = Debug;
		};
		072ECD1823FC9F9600CF59B8 /* Release */ = {
			isa = XCBuildConfiguration;
			buildSettings = {
				ALWAYS_SEARCH_USER_PATHS = NO;
				CLANG_ANALYZER_NONNULL = YES;
				CLANG_ANALYZER_NUMBER_OBJECT_CONVERSION = YES_AGGRESSIVE;
				CLANG_CXX_LANGUAGE_STANDARD = "gnu++14";
				CLANG_CXX_LIBRARY = "libc++";
				CLANG_ENABLE_MODULES = YES;
				CLANG_ENABLE_OBJC_ARC = YES;
				CLANG_ENABLE_OBJC_WEAK = YES;
				CLANG_WARN_BLOCK_CAPTURE_AUTORELEASING = YES;
				CLANG_WARN_BOOL_CONVERSION = YES;
				CLANG_WARN_COMMA = YES;
				CLANG_WARN_CONSTANT_CONVERSION = YES;
				CLANG_WARN_DEPRECATED_OBJC_IMPLEMENTATIONS = YES;
				CLANG_WARN_DIRECT_OBJC_ISA_USAGE = YES_ERROR;
				CLANG_WARN_DOCUMENTATION_COMMENTS = YES;
				CLANG_WARN_EMPTY_BODY = YES;
				CLANG_WARN_ENUM_CONVERSION = YES;
				CLANG_WARN_INFINITE_RECURSION = YES;
				CLANG_WARN_INT_CONVERSION = YES;
				CLANG_WARN_NON_LITERAL_NULL_CONVERSION = YES;
				CLANG_WARN_OBJC_IMPLICIT_RETAIN_SELF = YES;
				CLANG_WARN_OBJC_LITERAL_CONVERSION = YES;
				CLANG_WARN_OBJC_ROOT_CLASS = YES_ERROR;
				CLANG_WARN_RANGE_LOOP_ANALYSIS = YES;
				CLANG_WARN_STRICT_PROTOTYPES = YES;
				CLANG_WARN_SUSPICIOUS_MOVE = YES;
				CLANG_WARN_UNGUARDED_AVAILABILITY = YES_AGGRESSIVE;
				CLANG_WARN_UNREACHABLE_CODE = YES;
				CLANG_WARN__DUPLICATE_METHOD_MATCH = YES;
				COPY_PHASE_STRIP = NO;
				DEBUG_INFORMATION_FORMAT = "dwarf-with-dsym";
				ENABLE_NS_ASSERTIONS = NO;
				ENABLE_STRICT_OBJC_MSGSEND = YES;
				GCC_C_LANGUAGE_STANDARD = gnu11;
				GCC_NO_COMMON_BLOCKS = YES;
				GCC_WARN_64_TO_32_BIT_CONVERSION = YES;
				GCC_WARN_ABOUT_RETURN_TYPE = YES_ERROR;
				GCC_WARN_UNDECLARED_SELECTOR = YES;
				GCC_WARN_UNINITIALIZED_AUTOS = YES_AGGRESSIVE;
				GCC_WARN_UNUSED_FUNCTION = YES;
				GCC_WARN_UNUSED_VARIABLE = YES;
				IPHONEOS_DEPLOYMENT_TARGET = 13.2;
				MTL_ENABLE_DEBUG_INFO = NO;
				MTL_FAST_MATH = YES;
				SDKROOT = iphoneos;
				SWIFT_COMPILATION_MODE = wholemodule;
				SWIFT_OPTIMIZATION_LEVEL = "-O";
				VALIDATE_PRODUCT = YES;
			};
			name = Release;
		};
		072ECD1A23FC9F9600CF59B8 /* Debug */ = {
			isa = XCBuildConfiguration;
			baseConfigurationReference = E15C3DBFF6D3594F5FA0F47F /* Pods-jelzin.debug.xcconfig */;
			buildSettings = {
				ASSETCATALOG_COMPILER_APPICON_NAME = AppIcon;
				CODE_SIGN_STYLE = Automatic;
				DEVELOPMENT_TEAM = P6JN2ZUYF2;
				INFOPLIST_FILE = jelzin/Info.plist;
				IPHONEOS_DEPLOYMENT_TARGET = 13.1;
				LD_RUNPATH_SEARCH_PATHS = (
					"$(inherited)",
					"@executable_path/Frameworks",
				);
				PRODUCT_BUNDLE_IDENTIFIER = E.jelzin;
				PRODUCT_NAME = "$(TARGET_NAME)";
				SWIFT_VERSION = 5.0;
				TARGETED_DEVICE_FAMILY = "1,2";
			};
			name = Debug;
		};
		072ECD1B23FC9F9600CF59B8 /* Release */ = {
			isa = XCBuildConfiguration;
			baseConfigurationReference = 27FD16F87809767839CB458C /* Pods-jelzin.release.xcconfig */;
			buildSettings = {
				ASSETCATALOG_COMPILER_APPICON_NAME = AppIcon;
				CODE_SIGN_STYLE = Automatic;
				DEVELOPMENT_TEAM = P6JN2ZUYF2;
				INFOPLIST_FILE = jelzin/Info.plist;
				IPHONEOS_DEPLOYMENT_TARGET = 13.1;
				LD_RUNPATH_SEARCH_PATHS = (
					"$(inherited)",
					"@executable_path/Frameworks",
				);
				PRODUCT_BUNDLE_IDENTIFIER = E.jelzin;
				PRODUCT_NAME = "$(TARGET_NAME)";
				SWIFT_VERSION = 5.0;
				TARGETED_DEVICE_FAMILY = "1,2";
			};
			name = Release;
		};
		072ECD1D23FC9F9600CF59B8 /* Debug */ = {
			isa = XCBuildConfiguration;
			baseConfigurationReference = 7862C0AE4678871433B5FF50 /* Pods-jelzinTests.debug.xcconfig */;
			buildSettings = {
				ALWAYS_EMBED_SWIFT_STANDARD_LIBRARIES = YES;
				BUNDLE_LOADER = "$(TEST_HOST)";
				CODE_SIGN_STYLE = Automatic;
				DEVELOPMENT_TEAM = P6JN2ZUYF2;
				INFOPLIST_FILE = jelzinTests/Info.plist;
				IPHONEOS_DEPLOYMENT_TARGET = 13.2;
				LD_RUNPATH_SEARCH_PATHS = (
					"$(inherited)",
					"@executable_path/Frameworks",
					"@loader_path/Frameworks",
				);
				PRODUCT_BUNDLE_IDENTIFIER = E.jelzinTests;
				PRODUCT_NAME = "$(TARGET_NAME)";
				SWIFT_VERSION = 5.0;
				TARGETED_DEVICE_FAMILY = "1,2";
				TEST_HOST = "$(BUILT_PRODUCTS_DIR)/jelzin.app/jelzin";
			};
			name = Debug;
		};
		072ECD1E23FC9F9600CF59B8 /* Release */ = {
			isa = XCBuildConfiguration;
			baseConfigurationReference = FFF9A0B122E8E7FAEFEA89F4 /* Pods-jelzinTests.release.xcconfig */;
			buildSettings = {
				ALWAYS_EMBED_SWIFT_STANDARD_LIBRARIES = YES;
				BUNDLE_LOADER = "$(TEST_HOST)";
				CODE_SIGN_STYLE = Automatic;
				DEVELOPMENT_TEAM = P6JN2ZUYF2;
				INFOPLIST_FILE = jelzinTests/Info.plist;
				IPHONEOS_DEPLOYMENT_TARGET = 13.2;
				LD_RUNPATH_SEARCH_PATHS = (
					"$(inherited)",
					"@executable_path/Frameworks",
					"@loader_path/Frameworks",
				);
				PRODUCT_BUNDLE_IDENTIFIER = E.jelzinTests;
				PRODUCT_NAME = "$(TARGET_NAME)";
				SWIFT_VERSION = 5.0;
				TARGETED_DEVICE_FAMILY = "1,2";
				TEST_HOST = "$(BUILT_PRODUCTS_DIR)/jelzin.app/jelzin";
			};
			name = Release;
		};
		072ECD2023FC9F9600CF59B8 /* Debug */ = {
			isa = XCBuildConfiguration;
			baseConfigurationReference = BCAA1B2C9E68C7A773D43060 /* Pods-jelzin-jelzinUITests.debug.xcconfig */;
			buildSettings = {
				ALWAYS_EMBED_SWIFT_STANDARD_LIBRARIES = YES;
				CODE_SIGN_STYLE = Automatic;
				DEVELOPMENT_TEAM = P6JN2ZUYF2;
				INFOPLIST_FILE = jelzinUITests/Info.plist;
				LD_RUNPATH_SEARCH_PATHS = (
					"$(inherited)",
					"@executable_path/Frameworks",
					"@loader_path/Frameworks",
				);
				PRODUCT_BUNDLE_IDENTIFIER = E.jelzinUITests;
				PRODUCT_NAME = "$(TARGET_NAME)";
				SWIFT_VERSION = 5.0;
				TARGETED_DEVICE_FAMILY = "1,2";
				TEST_TARGET_NAME = jelzin;
			};
			name = Debug;
		};
		072ECD2123FC9F9600CF59B8 /* Release */ = {
			isa = XCBuildConfiguration;
			baseConfigurationReference = 863931A7D95144C5494D7288 /* Pods-jelzin-jelzinUITests.release.xcconfig */;
			buildSettings = {
				ALWAYS_EMBED_SWIFT_STANDARD_LIBRARIES = YES;
				CODE_SIGN_STYLE = Automatic;
				DEVELOPMENT_TEAM = P6JN2ZUYF2;
				INFOPLIST_FILE = jelzinUITests/Info.plist;
				LD_RUNPATH_SEARCH_PATHS = (
					"$(inherited)",
					"@executable_path/Frameworks",
					"@loader_path/Frameworks",
				);
				PRODUCT_BUNDLE_IDENTIFIER = E.jelzinUITests;
				PRODUCT_NAME = "$(TARGET_NAME)";
				SWIFT_VERSION = 5.0;
				TARGETED_DEVICE_FAMILY = "1,2";
				TEST_TARGET_NAME = jelzin;
			};
			name = Release;
		};
/* End XCBuildConfiguration section */

/* Begin XCConfigurationList section */
		072ECCEA23FC9F8F00CF59B8 /* Build configuration list for PBXProject "jelzin" */ = {
			isa = XCConfigurationList;
			buildConfigurations = (
				072ECD1723FC9F9600CF59B8 /* Debug */,
				072ECD1823FC9F9600CF59B8 /* Release */,
			);
			defaultConfigurationIsVisible = 0;
			defaultConfigurationName = Release;
		};
		072ECD1923FC9F9600CF59B8 /* Build configuration list for PBXNativeTarget "jelzin" */ = {
			isa = XCConfigurationList;
			buildConfigurations = (
				072ECD1A23FC9F9600CF59B8 /* Debug */,
				072ECD1B23FC9F9600CF59B8 /* Release */,
			);
			defaultConfigurationIsVisible = 0;
			defaultConfigurationName = Release;
		};
		072ECD1C23FC9F9600CF59B8 /* Build configuration list for PBXNativeTarget "jelzinTests" */ = {
			isa = XCConfigurationList;
			buildConfigurations = (
				072ECD1D23FC9F9600CF59B8 /* Debug */,
				072ECD1E23FC9F9600CF59B8 /* Release */,
			);
			defaultConfigurationIsVisible = 0;
			defaultConfigurationName = Release;
		};
		072ECD1F23FC9F9600CF59B8 /* Build configuration list for PBXNativeTarget "jelzinUITests" */ = {
			isa = XCConfigurationList;
			buildConfigurations = (
				072ECD2023FC9F9600CF59B8 /* Debug */,
				072ECD2123FC9F9600CF59B8 /* Release */,
			);
			defaultConfigurationIsVisible = 0;
			defaultConfigurationName = Release;
		};
/* End XCConfigurationList section */
	};
	rootObject = 072ECCE723FC9F8F00CF59B8 /* Project object */;
}
